<?xml version="1.0" encoding="utf-8"?>
<Project ToolsVersion="4.0" xmlns="http://schemas.microsoft.com/developer/msbuild/2003">
  <ItemGroup>
    <Image Include="Resources\blue.dds">
      <Filter>Assets</Filter>
    </Image>
    <Image Include="Resources\car_blue.dds">
      <Filter>Assets</Filter>
    </Image>
    <Image Include="Resources\floor.dds">
      <Filter>Assets</Filter>
    </Image>
    <Image Include="Resources\green.dds">
      <Filter>Assets</Filter>
    </Image>
    <Image Include="Resources\pickup_speedboost.dds">
      <Filter>Assets</Filter>
    </Image>
    <Image Include="Resources\red.dds">
      <Filter>Assets</Filter>
    </Image>
    <Image Include="Resources\yellow.dds">
      <Filter>Assets</Filter>
    </Image>
    <Image Include="Resources\map.dds">
      <Filter>Assets</Filter>
    </Image>
    <Image Include="Resources\car_red.dds">
      <Filter>Assets</Filter>
    </Image>
    <Image Include="Resources\pickup_fuel.dds">
      <Filter>Assets</Filter>
    </Image>
    <Image Include="Resources\pickup_passenger.dds">
      <Filter>Assets</Filter>
    </Image>
  </ItemGroup>
  <ItemGroup>
    <Filter Include="Assets">
      <UniqueIdentifier>{d76346de-be36-4e73-9e20-c041620ff0d1}</UniqueIdentifier>
    </Filter>
    <Filter Include="Core %28do not edit%29">
      <UniqueIdentifier>{c721d74b-61d3-4ae0-9d17-be739d070a1c}</UniqueIdentifier>
    </Filter>
  </ItemGroup>
  <ItemGroup>
    <FxCompile Include="shader.fx">
      <Filter>Assets</Filter>
    </FxCompile>
  </ItemGroup>
  <ItemGroup>
    <Text Include="Resources\waypoints.txt">
      <Filter>Assets</Filter>
    </Text>
  </ItemGroup>
  <ItemGroup>
    <ClCompile Include="src\AIManager.cpp" />
    <ClCompile Include="src\Background.cpp" />
    <ClCompile Include="src\Collidable.cpp" />
    <ClCompile Include="src\CollisionHelper.cpp" />
    <ClCompile Include="src\DDSTextureLoader.cpp" />
    <ClCompile Include="src\DrawableGameObject.cpp" />
    <ClCompile Include="src\main.cpp" />
    <ClCompile Include="src\PickupItem.cpp" />
    <ClCompile Include="src\Vehicle.cpp" />
    <ClCompile Include="src\Waypoint.cpp" />
    <ClCompile Include="src\WaypointManager.cpp" />
  </ItemGroup>
  <ItemGroup>
    <ClInclude Include="src\AIManager.h" />
    <ClInclude Include="src\Background.h" />
    <ClInclude Include="src\Collidable.h" />
    <ClInclude Include="src\CollisionHelper.h" />
    <ClInclude Include="src\constants.h" />
    <ClInclude Include="src\DDSTextureLoader.h" />
    <ClInclude Include="src\DrawableGameObject.h" />
    <ClInclude Include="src\main.h" />
    <ClInclude Include="src\PickupItem.h" />
    <ClInclude Include="src\Resource.h" />
    <ClInclude Include="src\structures.h" />
    <ClInclude Include="src\Vector2D.h" />
    <ClInclude Include="src\Vehicle.h" />
    <ClInclude Include="src\Waypoint.h" />
    <ClInclude Include="src\WaypointManager.h" />
  </ItemGroup>
</Project>